
Microsoft Visual Studio Solution File, Format Version 12.00
# Visual Studio 15
VisualStudioVersion = 15.0.27703.2047
MinimumVisualStudioVersion = 10.0.40219.1
Project("{FAE04EC0-301F-11D3-BF4B-00C04F79EFBC}") = "VehicleExample", "VehicleExample\VehicleExample.csproj", "{9DDC5F2B-1027-449A-A9AF-5D230FE775A3}"
EndProject
Global
	GlobalSection(SolutionConfigurationPlatforms) = preSolution
		Debug|Any CPU = Debug|Any CPU
		Release|Any CPU = Release|Any CPU
	EndGlobalSection
	GlobalSection(ProjectConfigurationPlatforms) = postSolution
		{9DDC5F2B-1027-449A-A9AF-5D230FE775A3}.Debug|Any CPU.ActiveCfg = Debug|Any CPU
		{9DDC5F2B-1027-449A-A9AF-5D230FE775A3}.Debug|Any CPU.Build.0 = Debug|Any CPU
		{9DDC5F2B-1027-449A-A9AF-5D230FE775A3}.Release|Any CPU.ActiveCfg = Release|Any CPU
		{9DDC5F2B-1027-449A-A9AF-5D230FE775A3}.Release|Any CPU.Build.0 = Release|Any CPU
	EndGlobalSection
	GlobalSection(SolutionProperties) = preSolution
		HideSolutionNode = FALSE
	EndGlobalSection
	GlobalSection(ExtensibilityGlobals) = postSolution
		SolutionGuid = {25FDBD2C-2EE5-4265-89C1-EB1573D06F86}
	EndGlobalSection
EndGlobal
